// !$*UTF8*$!
{
	archiveVersion = 1;
	classes = {
	};
	objectVersion = 56;
	objects = {

/* Begin PBXBuildFile section */
		9F16BDC42BBC998400796B4D /* FruitModel.swift in Sources */ = {isa = PBXBuildFile; fileRef = 9F16BDC32BBC998400796B4D /* FruitModel.swift */; };
		9F16BDC62BBC999000796B4D /* FruitsData.swift in Sources */ = {isa = PBXBuildFile; fileRef = 9F16BDC52BBC999000796B4D /* FruitsData.swift */; };
		9F5713992BB9F2BC006BCDFB /* FruitsApp.swift in Sources */ = {isa = PBXBuildFile; fileRef = 9F5713982BB9F2BC006BCDFB /* FruitsApp.swift */; };
		9F57139B2BB9F2BC006BCDFB /* ContentView.swift in Sources */ = {isa = PBXBuildFile; fileRef = 9F57139A2BB9F2BC006BCDFB /* ContentView.swift */; };
		9F57139D2BB9F2BD006BCDFB /* Assets.xcassets in Resources */ = {isa = PBXBuildFile; fileRef = 9F57139C2BB9F2BD006BCDFB /* Assets.xcassets */; };
		9F5713A02BB9F2BD006BCDFB /* Preview Assets.xcassets in Resources */ = {isa = PBXBuildFile; fileRef = 9F57139F2BB9F2BD006BCDFB /* Preview Assets.xcassets */; };
		9F5713A92BB9F67B006BCDFB /* FruitCardView.swift in Sources */ = {isa = PBXBuildFile; fileRef = 9F5713A82BB9F67B006BCDFB /* FruitCardView.swift */; };
		9F97B5EA2BBDF448004AA585 /* SettingsView.swift in Sources */ = {isa = PBXBuildFile; fileRef = 9F97B5E92BBDF448004AA585 /* SettingsView.swift */; };
		9F97B5EC2BBDFCFE004AA585 /* CustomLabeledContent.swift in Sources */ = {isa = PBXBuildFile; fileRef = 9F97B5EB2BBDFCFE004AA585 /* CustomLabeledContent.swift */; };
		9FAA8C972BBBE30000FB0FAE /* StartButtonView.swift in Sources */ = {isa = PBXBuildFile; fileRef = 9FAA8C962BBBE30000FB0FAE /* StartButtonView.swift */; };
		9FAA8C992BBBEBC100FB0FAE /* OnboardingView.swift in Sources */ = {isa = PBXBuildFile; fileRef = 9FAA8C982BBBEBC100FB0FAE /* OnboardingView.swift */; };
		9FC10CB92BBD32000019F71D /* FruitListItem.swift in Sources */ = {isa = PBXBuildFile; fileRef = 9FC10CB82BBD32000019F71D /* FruitListItem.swift */; };
		9FC10CBB2BBD36E70019F71D /* FruitDetailsView.swift in Sources */ = {isa = PBXBuildFile; fileRef = 9FC10CBA2BBD36E70019F71D /* FruitDetailsView.swift */; };
		9FC10CBD2BBD4BF30019F71D /* FruitDetailHeader.swift in Sources */ = {isa = PBXBuildFile; fileRef = 9FC10CBC2BBD4BF30019F71D /* FruitDetailHeader.swift */; };
		9FC10CBF2BBD4EF40019F71D /* LinkSourceView.swift in Sources */ = {isa = PBXBuildFile; fileRef = 9FC10CBE2BBD4EF40019F71D /* LinkSourceView.swift */; };
		9FC10CC12BBD552D0019F71D /* FruitNutrientsView.swift in Sources */ = {isa = PBXBuildFile; fileRef = 9FC10CC02BBD552D0019F71D /* FruitNutrientsView.swift */; };
		9FF474002BBE89E000B1EB9D /* .gitignore in Resources */ = {isa = PBXBuildFile; fileRef = 9FF473FF2BBE89E000B1EB9D /* .gitignore */; };
		9FF474022BBE8A1A00B1EB9D /* readme.md in Resources */ = {isa = PBXBuildFile; fileRef = 9FF474012BBE8A1A00B1EB9D /* readme.md */; };
		9FF474042BBE8AD300B1EB9D /* preview_iphone.gif in Resources */ = {isa = PBXBuildFile; fileRef = 9FF474032BBE8AD300B1EB9D /* preview_iphone.gif */; };
		9FF474062BBE8AD700B1EB9D /* preview_ipad.gif in Resources */ = {isa = PBXBuildFile; fileRef = 9FF474052BBE8AD700B1EB9D /* preview_ipad.gif */; };
/* End PBXBuildFile section */

/* Begin PBXFileReference section */
		9F16BDC32BBC998400796B4D /* FruitModel.swift */ = {isa = PBXFileReference; lastKnownFileType = sourcecode.swift; path = FruitModel.swift; sourceTree = "<group>"; };
		9F16BDC52BBC999000796B4D /* FruitsData.swift */ = {isa = PBXFileReference; lastKnownFileType = sourcecode.swift; path = FruitsData.swift; sourceTree = "<group>"; };
		9F5713952BB9F2BC006BCDFB /* Fruits.app */ = {isa = PBXFileReference; explicitFileType = wrapper.application; includeInIndex = 0; path = Fruits.app; sourceTree = BUILT_PRODUCTS_DIR; };
		9F5713982BB9F2BC006BCDFB /* FruitsApp.swift */ = {isa = PBXFileReference; lastKnownFileType = sourcecode.swift; path = FruitsApp.swift; sourceTree = "<group>"; };
		9F57139A2BB9F2BC006BCDFB /* ContentView.swift */ = {isa = PBXFileReference; lastKnownFileType = sourcecode.swift; path = ContentView.swift; sourceTree = "<group>"; };
		9F57139C2BB9F2BD006BCDFB /* Assets.xcassets */ = {isa = PBXFileReference; lastKnownFileType = folder.assetcatalog; path = Assets.xcassets; sourceTree = "<group>"; };
		9F57139F2BB9F2BD006BCDFB /* Preview Assets.xcassets */ = {isa = PBXFileReference; lastKnownFileType = folder.assetcatalog; path = "Preview Assets.xcassets"; sourceTree = "<group>"; };
		9F5713A82BB9F67B006BCDFB /* FruitCardView.swift */ = {isa = PBXFileReference; lastKnownFileType = sourcecode.swift; path = FruitCardView.swift; sourceTree = "<group>"; };
		9F97B5E92BBDF448004AA585 /* SettingsView.swift */ = {isa = PBXFileReference; lastKnownFileType = sourcecode.swift; path = SettingsView.swift; sourceTree = "<group>"; };
		9F97B5EB2BBDFCFE004AA585 /* CustomLabeledContent.swift */ = {isa = PBXFileReference; lastKnownFileType = sourcecode.swift; path = CustomLabeledContent.swift; sourceTree = "<group>"; };
		9FAA8C962BBBE30000FB0FAE /* StartButtonView.swift */ = {isa = PBXFileReference; lastKnownFileType = sourcecode.swift; path = StartButtonView.swift; sourceTree = "<group>"; };
		9FAA8C982BBBEBC100FB0FAE /* OnboardingView.swift */ = {isa = PBXFileReference; lastKnownFileType = sourcecode.swift; path = OnboardingView.swift; sourceTree = "<group>"; };
		9FC10CB82BBD32000019F71D /* FruitListItem.swift */ = {isa = PBXFileReference; lastKnownFileType = sourcecode.swift; path = FruitListItem.swift; sourceTree = "<group>"; };
		9FC10CBA2BBD36E70019F71D /* FruitDetailsView.swift */ = {isa = PBXFileReference; lastKnownFileType = sourcecode.swift; path = FruitDetailsView.swift; sourceTree = "<group>"; };
		9FC10CBC2BBD4BF30019F71D /* FruitDetailHeader.swift */ = {isa = PBXFileReference; lastKnownFileType = sourcecode.swift; path = FruitDetailHeader.swift; sourceTree = "<group>"; };
		9FC10CBE2BBD4EF40019F71D /* LinkSourceView.swift */ = {isa = PBXFileReference; lastKnownFileType = sourcecode.swift; path = LinkSourceView.swift; sourceTree = "<group>"; };
		9FC10CC02BBD552D0019F71D /* FruitNutrientsView.swift */ = {isa = PBXFileReference; lastKnownFileType = sourcecode.swift; path = FruitNutrientsView.swift; sourceTree = "<group>"; };
		9FF473FF2BBE89E000B1EB9D /* .gitignore */ = {isa = PBXFileReference; lastKnownFileType = text; path = .gitignore; sourceTree = "<group>"; };
		9FF474012BBE8A1A00B1EB9D /* readme.md */ = {isa = PBXFileReference; lastKnownFileType = net.daringfireball.markdown; path = readme.md; sourceTree = "<group>"; };
		9FF474032BBE8AD300B1EB9D /* preview_iphone.gif */ = {isa = PBXFileReference; lastKnownFileType = image.gif; path = preview_iphone.gif; sourceTree = "<group>"; };
		9FF474052BBE8AD700B1EB9D /* preview_ipad.gif */ = {isa = PBXFileReference; lastKnownFileType = image.gif; path = preview_ipad.gif; sourceTree = "<group>"; };
/* End PBXFileReference section */

/* Begin PBXFrameworksBuildPhase section */
		9F5713922BB9F2BC006BCDFB /* Frameworks */ = {
			isa = PBXFrameworksBuildPhase;
			buildActionMask = 2147483647;
			files = (
			);
			runOnlyForDeploymentPostprocessing = 0;
		};
/* End PBXFrameworksBuildPhase section */

/* Begin PBXGroup section */
		9F16BDC12BBC996B00796B4D /* Data */ = {
			isa = PBXGroup;
			children = (
				9F16BDC52BBC999000796B4D /* FruitsData.swift */,
			);
			path = Data;
			sourceTree = "<group>";
		};
		9F16BDC22BBC997000796B4D /* Models */ = {
			isa = PBXGroup;
			children = (
				9F16BDC32BBC998400796B4D /* FruitModel.swift */,
			);
			path = Models;
			sourceTree = "<group>";
		};
		9F57138C2BB9F2BC006BCDFB = {
			isa = PBXGroup;
			children = (
				9FF474012BBE8A1A00B1EB9D /* readme.md */,
				9FF474032BBE8AD300B1EB9D /* preview_iphone.gif */,
				9FF474052BBE8AD700B1EB9D /* preview_ipad.gif */,
				9FF473FF2BBE89E000B1EB9D /* .gitignore */,
				9F5713972BB9F2BC006BCDFB /* Fruits */,
				9F5713962BB9F2BC006BCDFB /* Products */,
			);
			sourceTree = "<group>";
		};
		9F5713962BB9F2BC006BCDFB /* Products */ = {
			isa = PBXGroup;
			children = (
				9F5713952BB9F2BC006BCDFB /* Fruits.app */,
			);
			name = Products;
			sourceTree = "<group>";
		};
		9F5713972BB9F2BC006BCDFB /* Fruits */ = {
			isa = PBXGroup;
			children = (
				9F16BDC22BBC997000796B4D /* Models */,
				9F16BDC12BBC996B00796B4D /* Data */,
				9F5713A72BB9F65E006BCDFB /* Screens */,
				9F5713A62BB9F657006BCDFB /* Views */,
				9F5713982BB9F2BC006BCDFB /* FruitsApp.swift */,
				9F57139C2BB9F2BD006BCDFB /* Assets.xcassets */,
				9F57139E2BB9F2BD006BCDFB /* Preview Content */,
			);
			path = Fruits;
			sourceTree = "<group>";
		};
		9F57139E2BB9F2BD006BCDFB /* Preview Content */ = {
			isa = PBXGroup;
			children = (
				9F57139F2BB9F2BD006BCDFB /* Preview Assets.xcassets */,
			);
			path = "Preview Content";
			sourceTree = "<group>";
		};
		9F5713A62BB9F657006BCDFB /* Views */ = {
			isa = PBXGroup;
			children = (
				9F5713A82BB9F67B006BCDFB /* FruitCardView.swift */,
				9FAA8C962BBBE30000FB0FAE /* StartButtonView.swift */,
				9FC10CB82BBD32000019F71D /* FruitListItem.swift */,
				9FC10CBC2BBD4BF30019F71D /* FruitDetailHeader.swift */,
				9FC10CBE2BBD4EF40019F71D /* LinkSourceView.swift */,
				9FC10CC02BBD552D0019F71D /* FruitNutrientsView.swift */,
				9F97B5EB2BBDFCFE004AA585 /* CustomLabeledContent.swift */,
			);
			path = Views;
			sourceTree = "<group>";
		};
		9F5713A72BB9F65E006BCDFB /* Screens */ = {
			isa = PBXGroup;
			children = (
				9F57139A2BB9F2BC006BCDFB /* ContentView.swift */,
				9FAA8C982BBBEBC100FB0FAE /* OnboardingView.swift */,
				9FC10CBA2BBD36E70019F71D /* FruitDetailsView.swift */,
				9F97B5E92BBDF448004AA585 /* SettingsView.swift */,
			);
			path = Screens;
			sourceTree = "<group>";
		};
/* End PBXGroup section */

/* Begin PBXNativeTarget section */
		9F5713942BB9F2BC006BCDFB /* Fruits */ = {
			isa = PBXNativeTarget;
			buildConfigurationList = 9F5713A32BB9F2BD006BCDFB /* Build configuration list for PBXNativeTarget "Fruits" */;
			buildPhases = (
				9F5713912BB9F2BC006BCDFB /* Sources */,
				9F5713922BB9F2BC006BCDFB /* Frameworks */,
				9F5713932BB9F2BC006BCDFB /* Resources */,
			);
			buildRules = (
			);
			dependencies = (
			);
			name = Fruits;
			productName = Fruits;
			productReference = 9F5713952BB9F2BC006BCDFB /* Fruits.app */;
			productType = "com.apple.product-type.application";
		};
/* End PBXNativeTarget section */

/* Begin PBXProject section */
		9F57138D2BB9F2BC006BCDFB /* Project object */ = {
			isa = PBXProject;
			attributes = {
				BuildIndependentTargetsInParallel = 1;
				LastSwiftUpdateCheck = 1520;
				LastUpgradeCheck = 1520;
				TargetAttributes = {
					9F5713942BB9F2BC006BCDFB = {
						CreatedOnToolsVersion = 15.2;
					};
				};
			};
			buildConfigurationList = 9F5713902BB9F2BC006BCDFB /* Build configuration list for PBXProject "Fruits" */;
			compatibilityVersion = "Xcode 14.0";
			developmentRegion = en;
			hasScannedForEncodings = 0;
			knownRegions = (
				en,
				Base,
			);
			mainGroup = 9F57138C2BB9F2BC006BCDFB;
			productRefGroup = 9F5713962BB9F2BC006BCDFB /* Products */;
			projectDirPath = "";
			projectRoot = "";
			targets = (
				9F5713942BB9F2BC006BCDFB /* Fruits */,
			);
		};
/* End PBXProject section */

/* Begin PBXResourcesBuildPhase section */
		9F5713932BB9F2BC006BCDFB /* Resources */ = {
			isa = PBXResourcesBuildPhase;
			buildActionMask = 2147483647;
			files = (
				9FF474042BBE8AD300B1EB9D /* preview_iphone.gif in Resources */,
				9FF474062BBE8AD700B1EB9D /* preview_ipad.gif in Resources */,
				9F5713A02BB9F2BD006BCDFB /* Preview Assets.xcassets in Resources */,
				9FF474002BBE89E000B1EB9D /* .gitignore in Resources */,
				9FF474022BBE8A1A00B1EB9D /* readme.md in Resources */,
				9F57139D2BB9F2BD006BCDFB /* Assets.xcassets in Resources */,
			);
			runOnlyForDeploymentPostprocessing = 0;
		};
/* End PBXResourcesBuildPhase section */

/* Begin PBXSourcesBuildPhase section */
		9F5713912BB9F2BC006BCDFB /* Sources */ = {
			isa = PBXSourcesBuildPhase;
			buildActionMask = 2147483647;
			files = (
				9FC10CC12BBD552D0019F71D /* FruitNutrientsView.swift in Sources */,
				9FC10CBD2BBD4BF30019F71D /* FruitDetailHeader.swift in Sources */,
				9F5713A92BB9F67B006BCDFB /* FruitCardView.swift in Sources */,
				9FAA8C972BBBE30000FB0FAE /* StartButtonView.swift in Sources */,
				9F97B5EC2BBDFCFE004AA585 /* CustomLabeledContent.swift in Sources */,
				9F57139B2BB9F2BC006BCDFB /* ContentView.swift in Sources */,
				9FC10CB92BBD32000019F71D /* FruitListItem.swift in Sources */,
				9FC10CBB2BBD36E70019F71D /* FruitDetailsView.swift in Sources */,
				9FAA8C992BBBEBC100FB0FAE /* OnboardingView.swift in Sources */,
				9F16BDC62BBC999000796B4D /* FruitsData.swift in Sources */,
				9FC10CBF2BBD4EF40019F71D /* LinkSourceView.swift in Sources */,
				9F16BDC42BBC998400796B4D /* FruitModel.swift in Sources */,
				9F5713992BB9F2BC006BCDFB /* FruitsApp.swift in Sources */,
				9F97B5EA2BBDF448004AA585 /* SettingsView.swift in Sources */,
			);
			runOnlyForDeploymentPostprocessing = 0;
		};
/* End PBXSourcesBuildPhase section */

/* Begin XCBuildConfiguration section */
		9F5713A12BB9F2BD006BCDFB /* Debug */ = {
			isa = XCBuildConfiguration;
			buildSettings = {
				ALWAYS_SEARCH_USER_PATHS = NO;
				ASSETCATALOG_COMPILER_GENERATE_SWIFT_ASSET_SYMBOL_EXTENSIONS = YES;
				CLANG_ANALYZER_NONNULL = YES;
				CLANG_ANALYZER_NUMBER_OBJECT_CONVERSION = YES_AGGRESSIVE;
				CLANG_CXX_LANGUAGE_STANDARD = "gnu++20";
				CLANG_ENABLE_MODULES = YES;
				CLANG_ENABLE_OBJC_ARC = YES;
				CLANG_ENABLE_OBJC_WEAK = YES;
				CLANG_WARN_BLOCK_CAPTURE_AUTORELEASING = YES;
				CLANG_WARN_BOOL_CONVERSION = YES;
				CLANG_WARN_COMMA = YES;
				CLANG_WARN_CONSTANT_CONVERSION = YES;
				CLANG_WARN_DEPRECATED_OBJC_IMPLEMENTATIONS = YES;
				CLANG_WARN_DIRECT_OBJC_ISA_USAGE = YES_ERROR;
				CLANG_WARN_DOCUMENTATION_COMMENTS = YES;
				CLANG_WARN_EMPTY_BODY = YES;
				CLANG_WARN_ENUM_CONVERSION = YES;
				CLANG_WARN_INFINITE_RECURSION = YES;
				CLANG_WARN_INT_CONVERSION = YES;
				CLANG_WARN_NON_LITERAL_NULL_CONVERSION = YES;
				CLANG_WARN_OBJC_IMPLICIT_RETAIN_SELF = YES;
				CLANG_WARN_OBJC_LITERAL_CONVERSION = YES;
				CLANG_WARN_OBJC_ROOT_CLASS = YES_ERROR;
				CLANG_WARN_QUOTED_INCLUDE_IN_FRAMEWORK_HEADER = YES;
				CLANG_WARN_RANGE_LOOP_ANALYSIS = YES;
				CLANG_WARN_STRICT_PROTOTYPES = YES;
				CLANG_WARN_SUSPICIOUS_MOVE = YES;
				CLANG_WARN_UNGUARDED_AVAILABILITY = YES_AGGRESSIVE;
				CLANG_WARN_UNREACHABLE_CODE = YES;
				CLANG_WARN__DUPLICATE_METHOD_MATCH = YES;
				COPY_PHASE_STRIP = NO;
				DEBUG_INFORMATION_FORMAT = dwarf;
				ENABLE_STRICT_OBJC_MSGSEND = YES;
				ENABLE_TESTABILITY = YES;
				ENABLE_USER_SCRIPT_SANDBOXING = YES;
				GCC_C_LANGUAGE_STANDARD = gnu17;
				GCC_DYNAMIC_NO_PIC = NO;
				GCC_NO_COMMON_BLOCKS = YES;
				GCC_OPTIMIZATION_LEVEL = 0;
				GCC_PREPROCESSOR_DEFINITIONS = (
					"DEBUG=1",
					"$(inherited)",
				);
				GCC_WARN_64_TO_32_BIT_CONVERSION = YES;
				GCC_WARN_ABOUT_RETURN_TYPE = YES_ERROR;
				GCC_WARN_UNDECLARED_SELECTOR = YES;
				GCC_WARN_UNINITIALIZED_AUTOS = YES_AGGRESSIVE;
				GCC_WARN_UNUSED_FUNCTION = YES;
				GCC_WARN_UNUSED_VARIABLE = YES;
				IPHONEOS_DEPLOYMENT_TARGET = 17.2;
				LOCALIZATION_PREFERS_STRING_CATALOGS = YES;
				MTL_ENABLE_DEBUG_INFO = INCLUDE_SOURCE;
				MTL_FAST_MATH = YES;
				ONLY_ACTIVE_ARCH = YES;
				SDKROOT = iphoneos;
				SWIFT_ACTIVE_COMPILATION_CONDITIONS = "DEBUG $(inherited)";
				SWIFT_OPTIMIZATION_LEVEL = "-Onone";
			};
			name = Debug;
		};
		9F5713A22BB9F2BD006BCDFB /* Release */ = {
			isa = XCBuildConfiguration;
			buildSettings = {
				ALWAYS_SEARCH_USER_PATHS = NO;
				ASSETCATALOG_COMPILER_GENERATE_SWIFT_ASSET_SYMBOL_EXTENSIONS = YES;
				CLANG_ANALYZER_NONNULL = YES;
				CLANG_ANALYZER_NUMBER_OBJECT_CONVERSION = YES_AGGRESSIVE;
				CLANG_CXX_LANGUAGE_STANDARD = "gnu++20";
				CLANG_ENABLE_MODULES = YES;
				CLANG_ENABLE_OBJC_ARC = YES;
				CLANG_ENABLE_OBJC_WEAK = YES;
				CLANG_WARN_BLOCK_CAPTURE_AUTORELEASING = YES;
				CLANG_WARN_BOOL_CONVERSION = YES;
				CLANG_WARN_COMMA = YES;
				CLANG_WARN_CONSTANT_CONVERSION = YES;
				CLANG_WARN_DEPRECATED_OBJC_IMPLEMENTATIONS = YES;
				CLANG_WARN_DIRECT_OBJC_ISA_USAGE = YES_ERROR;
				CLANG_WARN_DOCUMENTATION_COMMENTS = YES;
				CLANG_WARN_EMPTY_BODY = YES;
				CLANG_WARN_ENUM_CONVERSION = YES;
				CLANG_WARN_INFINITE_RECURSION = YES;
				CLANG_WARN_INT_CONVERSION = YES;
				CLANG_WARN_NON_LITERAL_NULL_CONVERSION = YES;
				CLANG_WARN_OBJC_IMPLICIT_RETAIN_SELF = YES;
				CLANG_WARN_OBJC_LITERAL_CONVERSION = YES;
				CLANG_WARN_OBJC_ROOT_CLASS = YES_ERROR;
				CLANG_WARN_QUOTED_INCLUDE_IN_FRAMEWORK_HEADER = YES;
				CLANG_WARN_RANGE_LOOP_ANALYSIS = YES;
				CLANG_WARN_STRICT_PROTOTYPES = YES;
				CLANG_WARN_SUSPICIOUS_MOVE = YES;
				CLANG_WARN_UNGUARDED_AVAILABILITY = YES_AGGRESSIVE;
				CLANG_WARN_UNREACHABLE_CODE = YES;
				CLANG_WARN__DUPLICATE_METHOD_MATCH = YES;
				COPY_PHASE_STRIP = NO;
				DEBUG_INFORMATION_FORMAT = "dwarf-with-dsym";
				ENABLE_NS_ASSERTIONS = NO;
				ENABLE_STRICT_OBJC_MSGSEND = YES;
				ENABLE_USER_SCRIPT_SANDBOXING = YES;
				GCC_C_LANGUAGE_STANDARD = gnu17;
				GCC_NO_COMMON_BLOCKS = YES;
				GCC_WARN_64_TO_32_BIT_CONVERSION = YES;
				GCC_WARN_ABOUT_RETURN_TYPE = YES_ERROR;
				GCC_WARN_UNDECLARED_SELECTOR = YES;
				GCC_WARN_UNINITIALIZED_AUTOS = YES_AGGRESSIVE;
				GCC_WARN_UNUSED_FUNCTION = YES;
				GCC_WARN_UNUSED_VARIABLE = YES;
				IPHONEOS_DEPLOYMENT_TARGET = 17.2;
				LOCALIZATION_PREFERS_STRING_CATALOGS = YES;
				MTL_ENABLE_DEBUG_INFO = NO;
				MTL_FAST_MATH = YES;
				SDKROOT = iphoneos;
				SWIFT_COMPILATION_MODE = wholemodule;
				VALIDATE_PRODUCT = YES;
			};
			name = Release;
		};
		9F5713A42BB9F2BD006BCDFB /* Debug */ = {
			isa = XCBuildConfiguration;
			buildSettings = {
				ASSETCATALOG_COMPILER_APPICON_NAME = AppIcon;
				ASSETCATALOG_COMPILER_GLOBAL_ACCENT_COLOR_NAME = AccentColor;
				CODE_SIGN_STYLE = Automatic;
				CURRENT_PROJECT_VERSION = 1;
				DEVELOPMENT_ASSET_PATHS = "\"Fruits/Preview Content\"";
				DEVELOPMENT_TEAM = F76Y3C28GA;
				ENABLE_PREVIEWS = YES;
				GENERATE_INFOPLIST_FILE = YES;
				INFOPLIST_KEY_UIApplicationSceneManifest_Generation = YES;
				INFOPLIST_KEY_UIApplicationSupportsIndirectInputEvents = YES;
				INFOPLIST_KEY_UILaunchScreen_Generation = YES;
				INFOPLIST_KEY_UISupportedInterfaceOrientations = UIInterfaceOrientationPortrait;
				LD_RUNPATH_SEARCH_PATHS = (
					"$(inherited)",
					"@executable_path/Frameworks",
				);
				MARKETING_VERSION = 1.0;
				PRODUCT_BUNDLE_IDENTIFIER = com.personal.test.fruits.Fruits;
				PRODUCT_NAME = "$(TARGET_NAME)";
				SWIFT_EMIT_LOC_STRINGS = YES;
				SWIFT_VERSION = 5.0;
				TARGETED_DEVICE_FAMILY = "1,2";
			};
			name = Debug;
		};
		9F5713A52BB9F2BD006BCDFB /* Release */ = {
			isa = XCBuildConfiguration;
			buildSettings = {
				ASSETCATALOG_COMPILER_APPICON_NAME = AppIcon;
				ASSETCATALOG_COMPILER_GLOBAL_ACCENT_COLOR_NAME = AccentColor;
				CODE_SIGN_STYLE = Automatic;
				CURRENT_PROJECT_VERSION = 1;
				DEVELOPMENT_ASSET_PATHS = "\"Fruits/Preview Content\"";
				DEVELOPMENT_TEAM = F76Y3C28GA;
				ENABLE_PREVIEWS = YES;
				GENERATE_INFOPLIST_FILE = YES;
				INFOPLIST_KEY_UIApplicationSceneManifest_Generation = YES;
				INFOPLIST_KEY_UIApplicationSupportsIndirectInputEvents = YES;
				INFOPLIST_KEY_UILaunchScreen_Generation = YES;
				INFOPLIST_KEY_UISupportedInterfaceOrientations = UIInterfaceOrientationPortrait;
				LD_RUNPATH_SEARCH_PATHS = (
					"$(inherited)",
					"@executable_path/Frameworks",
				);
				MARKETING_VERSION = 1.0;
				PRODUCT_BUNDLE_IDENTIFIER = com.personal.test.fruits.Fruits;
				PRODUCT_NAME = "$(TARGET_NAME)";
				SWIFT_EMIT_LOC_STRINGS = YES;
				SWIFT_VERSION = 5.0;
				TARGETED_DEVICE_FAMILY = "1,2";
			};
			name = Release;
		};
/* End XCBuildConfiguration section */

/* Begin XCConfigurationList section */
		9F5713902BB9F2BC006BCDFB /* Build configuration list for PBXProject "Fruits" */ = {
			isa = XCConfigurationList;
			buildConfigurations = (
				9F5713A12BB9F2BD006BCDFB /* Debug */,
				9F5713A22BB9F2BD006BCDFB /* Release */,
			);
			defaultConfigurationIsVisible = 0;
			defaultConfigurationName = Release;
		};
		9F5713A32BB9F2BD006BCDFB /* Build configuration list for PBXNativeTarget "Fruits" */ = {
			isa = XCConfigurationList;
			buildConfigurations = (
				9F5713A42BB9F2BD006BCDFB /* Debug */,
				9F5713A52BB9F2BD006BCDFB /* Release */,
			);
			defaultConfigurationIsVisible = 0;
			defaultConfigurationName = Release;
		};
/* End XCConfigurationList section */
	};
	rootObject = 9F57138D2BB9F2BC006BCDFB /* Project object */;
}
